<?xml version="1.0" encoding="UTF-8"?>
<Project ToolsVersion="14.0" xmlns="http://schemas.microsoft.com/developer/msbuild/2003">
  <ItemGroup>
    <ClCompile Include="C:\Users\cengiz\Desktop\gorgon\Source\Layer.cpp">
      <Filter>Source</Filter>
    </ClCompile>
    <ClCompile Include="C:\Users\cengiz\Desktop\gorgon\Source\Main.cpp">
      <Filter>Source</Filter>
    </ClCompile>
    <ClCompile Include="C:\Users\cengiz\Desktop\gorgon\Source\SGuid.cpp">
      <Filter>Source</Filter>
    </ClCompile>
    <ClCompile Include="C:\Users\cengiz\Desktop\gorgon\Source\Window.cpp">
      <Filter>Source</Filter>
    </ClCompile>
    <ClCompile Include="C:\Users\cengiz\Desktop\gorgon\Source\Console_Win32.cpp">
      <Filter>Source</Filter>
    </ClCompile>
  </ItemGroup>
  <ItemGroup>
    <ClInclude Include="C:\Users\cengiz\Desktop\gorgon\Source\Console.h" />
    <ClInclude Include="C:\Users\cengiz\Desktop\gorgon\Source\Any.h" />
    <ClInclude Include="C:\Users\cengiz\Desktop\gorgon\Source\Enum.h" />
    <ClInclude Include="C:\Users\cengiz\Desktop\gorgon\Source\Event.h" />
    <ClInclude Include="C:\Users\cengiz\Desktop\gorgon\Source\Keyboard.h" />
    <ClInclude Include="C:\Users\cengiz\Desktop\gorgon\Source\Layer.h" />
    <ClInclude Include="C:\Users\cengiz\Desktop\gorgon\Source\Main.h" />
    <ClInclude Include="C:\Users\cengiz\Desktop\gorgon\Source\SGuid.h" />
    <ClInclude Include="C:\Users\cengiz\Desktop\gorgon\Source\Threading.h" />
    <ClInclude Include="C:\Users\cengiz\Desktop\gorgon\Source\TMP.h" />
    <ClInclude Include="C:\Users\cengiz\Desktop\gorgon\Source\Types.h" />
    <ClInclude Include="C:\Users\cengiz\Desktop\gorgon\Source\Window.h" />
  </ItemGroup>
  <ItemGroup>
    <CustomBuild Include="C:\Users\cengiz\Desktop\gorgon\CMakeLists.txt" />
  </ItemGroup>
  <ItemGroup>
    <None Include="C:\Users\cengiz\Desktop\gorgon\Source\Animation">
      <Filter>Source</Filter>
    </None>
    <None Include="C:\Users\cengiz\Desktop\gorgon\Source\Containers">
      <Filter>Source</Filter>
    </None>
    <None Include="C:\Users\cengiz\Desktop\gorgon\Source\Encoding">
      <Filter>Source</Filter>
    </None>
    <None Include="C:\Users\cengiz\Desktop\gorgon\Source\External">
      <Filter>Source</Filter>
    </None>
    <None Include="C:\Users\cengiz\Desktop\gorgon\Source\Filesystem">
      <Filter>Source</Filter>
    </None>
    <None Include="C:\Users\cengiz\Desktop\gorgon\Source\Geometry">
      <Filter>Source</Filter>
    </None>
    <None Include="C:\Users\cengiz\Desktop\gorgon\Source\GL">
      <Filter>Source</Filter>
    </None>
    <None Include="C:\Users\cengiz\Desktop\gorgon\Source\Graphics">
      <Filter>Source</Filter>
    </None>
    <None Include="C:\Users\cengiz\Desktop\gorgon\Source\Input">
      <Filter>Source</Filter>
    </None>
    <None Include="C:\Users\cengiz\Desktop\gorgon\Source\OS">
      <Filter>Source</Filter>
    </None>
    <None Include="C:\Users\cengiz\Desktop\gorgon\Source\Resource">
      <Filter>Source</Filter>
    </None>
    <None Include="C:\Users\cengiz\Desktop\gorgon\Source\String">
      <Filter>Source</Filter>
    </None>
    <None Include="C:\Users\cengiz\Desktop\gorgon\Source\Time">
      <Filter>Source</Filter>
    </None>
    <None Include="C:\Users\cengiz\Desktop\gorgon\Source\WindowManager">
      <Filter>Source</Filter>
    </None>
    <None Include="C:\Users\cengiz\Desktop\gorgon\Source\Utils">
      <Filter>Source</Filter>
    </None>
    <None Include="C:\Users\cengiz\Desktop\gorgon\Source\Scripting">
      <Filter>Source</Filter>
    </None>
  </ItemGroup>
  <ItemGroup>
    <Filter Include="Source">
      <UniqueIdentifier>{9BE202A3-FAF5-47FE-98BE-388E0E61B445}</UniqueIdentifier>
    </Filter>
  </ItemGroup>
</Project>
