Microsoft Visual Studio Solution File, Format Version 12.00
# Visual Studio 14
Project("{8BC9CEB8-8B4A-11D0-8D11-00A0C91BC942}") = "ALL_BUILD", "ALL_BUILD.vcxproj", "{2DF70BB2-B49A-401E-8BFF-5837C245BA51}"
	ProjectSection(ProjectDependencies) = postProject
		{D077A53D-69A1-4DE3-9C30-A231AE77E671} = {D077A53D-69A1-4DE3-9C30-A231AE77E671}
		{6FC7FC49-39D8-4769-A697-449B78EFDC9A} = {6FC7FC49-39D8-4769-A697-449B78EFDC9A}
		{4A8BFEC2-94ED-495B-8A5B-6DF371136CCE} = {4A8BFEC2-94ED-495B-8A5B-6DF371136CCE}
		{7F409338-9FEF-4435-8DA4-16DC52D46570} = {7F409338-9FEF-4435-8DA4-16DC52D46570}
		{2CE82AAB-4C0B-461D-9DD6-3F2E1D945934} = {2CE82AAB-4C0B-461D-9DD6-3F2E1D945934}
		{0DF39357-3DB5-43A2-8AE5-06715DC80BD2} = {0DF39357-3DB5-43A2-8AE5-06715DC80BD2}
		{1E5B2DB9-7821-4C06-B285-4D072B665714} = {1E5B2DB9-7821-4C06-B285-4D072B665714}
		{54BC222B-F070-4EC1-8670-076846760179} = {54BC222B-F070-4EC1-8670-076846760179}
		{EC0AC1A0-44ED-4E57-97A7-7E231B2B48D5} = {EC0AC1A0-44ED-4E57-97A7-7E231B2B48D5}
		{6CCA2773-6CC9-40C3-B4B7-FC3D437531F7} = {6CCA2773-6CC9-40C3-B4B7-FC3D437531F7}
	EndProjectSection
EndProject
Project("{8BC9CEB8-8B4A-11D0-8D11-00A0C91BC942}") = "Gorgon", "Gorgon.vcxproj", "{D077A53D-69A1-4DE3-9C30-A231AE77E671}"
	ProjectSection(ProjectDependencies) = postProject
		{86E36234-C10E-4C1E-9B95-E733C00AB502} = {86E36234-C10E-4C1E-9B95-E733C00AB502}
	EndProjectSection
EndProject
Project("{8BC9CEB8-8B4A-11D0-8D11-00A0C91BC942}") = "INSTALL", "INSTALL.vcxproj", "{9388A781-0A64-4DF1-88B7-E94ABA0CE35F}"
	ProjectSection(ProjectDependencies) = postProject
		{2DF70BB2-B49A-401E-8BFF-5837C245BA51} = {2DF70BB2-B49A-401E-8BFF-5837C245BA51}
	EndProjectSection
EndProject
Project("{8BC9CEB8-8B4A-11D0-8D11-00A0C91BC942}") = "UnitTest-Enum", "UnitTest-Enum.vcxproj", "{6FC7FC49-39D8-4769-A697-449B78EFDC9A}"
	ProjectSection(ProjectDependencies) = postProject
		{D077A53D-69A1-4DE3-9C30-A231AE77E671} = {D077A53D-69A1-4DE3-9C30-A231AE77E671}
		{86E36234-C10E-4C1E-9B95-E733C00AB502} = {86E36234-C10E-4C1E-9B95-E733C00AB502}
	EndProjectSection
EndProject
Project("{8BC9CEB8-8B4A-11D0-8D11-00A0C91BC942}") = "UnitTest-Event", "UnitTest-Event.vcxproj", "{4A8BFEC2-94ED-495B-8A5B-6DF371136CCE}"
	ProjectSection(ProjectDependencies) = postProject
		{D077A53D-69A1-4DE3-9C30-A231AE77E671} = {D077A53D-69A1-4DE3-9C30-A231AE77E671}
		{86E36234-C10E-4C1E-9B95-E733C00AB502} = {86E36234-C10E-4C1E-9B95-E733C00AB502}
	EndProjectSection
EndProject
Project("{8BC9CEB8-8B4A-11D0-8D11-00A0C91BC942}") = "UnitTest-Filesystem", "UnitTest-Filesystem.vcxproj", "{7F409338-9FEF-4435-8DA4-16DC52D46570}"
	ProjectSection(ProjectDependencies) = postProject
		{D077A53D-69A1-4DE3-9C30-A231AE77E671} = {D077A53D-69A1-4DE3-9C30-A231AE77E671}
		{86E36234-C10E-4C1E-9B95-E733C00AB502} = {86E36234-C10E-4C1E-9B95-E733C00AB502}
	EndProjectSection
EndProject
Project("{8BC9CEB8-8B4A-11D0-8D11-00A0C91BC942}") = "UnitTest-GarbageCollection", "UnitTest-GarbageCollection.vcxproj", "{2CE82AAB-4C0B-461D-9DD6-3F2E1D945934}"
	ProjectSection(ProjectDependencies) = postProject
		{D077A53D-69A1-4DE3-9C30-A231AE77E671} = {D077A53D-69A1-4DE3-9C30-A231AE77E671}
		{86E36234-C10E-4C1E-9B95-E733C00AB502} = {86E36234-C10E-4C1E-9B95-E733C00AB502}
	EndProjectSection
EndProject
Project("{8BC9CEB8-8B4A-11D0-8D11-00A0C91BC942}") = "UnitTest-Geometry", "UnitTest-Geometry.vcxproj", "{0DF39357-3DB5-43A2-8AE5-06715DC80BD2}"
	ProjectSection(ProjectDependencies) = postProject
		{D077A53D-69A1-4DE3-9C30-A231AE77E671} = {D077A53D-69A1-4DE3-9C30-A231AE77E671}
		{86E36234-C10E-4C1E-9B95-E733C00AB502} = {86E36234-C10E-4C1E-9B95-E733C00AB502}
	EndProjectSection
EndProject
Project("{8BC9CEB8-8B4A-11D0-8D11-00A0C91BC942}") = "UnitTest-Hashmap", "UnitTest-Hashmap.vcxproj", "{1E5B2DB9-7821-4C06-B285-4D072B665714}"
	ProjectSection(ProjectDependencies) = postProject
		{D077A53D-69A1-4DE3-9C30-A231AE77E671} = {D077A53D-69A1-4DE3-9C30-A231AE77E671}
		{86E36234-C10E-4C1E-9B95-E733C00AB502} = {86E36234-C10E-4C1E-9B95-E733C00AB502}
	EndProjectSection
EndProject
Project("{8BC9CEB8-8B4A-11D0-8D11-00A0C91BC942}") = "UnitTest-Scripting", "UnitTest-Scripting.vcxproj", "{54BC222B-F070-4EC1-8670-076846760179}"
	ProjectSection(ProjectDependencies) = postProject
		{D077A53D-69A1-4DE3-9C30-A231AE77E671} = {D077A53D-69A1-4DE3-9C30-A231AE77E671}
		{86E36234-C10E-4C1E-9B95-E733C00AB502} = {86E36234-C10E-4C1E-9B95-E733C00AB502}
	EndProjectSection
EndProject
Project("{8BC9CEB8-8B4A-11D0-8D11-00A0C91BC942}") = "UnitTest-String", "UnitTest-String.vcxproj", "{EC0AC1A0-44ED-4E57-97A7-7E231B2B48D5}"
	ProjectSection(ProjectDependencies) = postProject
		{D077A53D-69A1-4DE3-9C30-A231AE77E671} = {D077A53D-69A1-4DE3-9C30-A231AE77E671}
		{86E36234-C10E-4C1E-9B95-E733C00AB502} = {86E36234-C10E-4C1E-9B95-E733C00AB502}
	EndProjectSection
EndProject
Project("{8BC9CEB8-8B4A-11D0-8D11-00A0C91BC942}") = "ZERO_CHECK", "..\build\ZERO_CHECK.vcxproj", "{86E36234-C10E-4C1E-9B95-E733C00AB502}"
	ProjectSection(ProjectDependencies) = postProject
	EndProjectSection
EndProject
Project("{8BC9CEB8-8B4A-11D0-8D11-00A0C91BC942}") = "docs", "docs.vcxproj", "{6CCA2773-6CC9-40C3-B4B7-FC3D437531F7}"
	ProjectSection(ProjectDependencies) = postProject
		{86E36234-C10E-4C1E-9B95-E733C00AB502} = {86E36234-C10E-4C1E-9B95-E733C00AB502}
	EndProjectSection
EndProject
Project("{8BC9CEB8-8B4A-11D0-8D11-00A0C91BC942}") = "manualtest", "manualtest.vcxproj", "{B95A1310-1653-4447-9257-94C5E37965C1}"
	ProjectSection(ProjectDependencies) = postProject
		{86E36234-C10E-4C1E-9B95-E733C00AB502} = {86E36234-C10E-4C1E-9B95-E733C00AB502}
	EndProjectSection
EndProject
Global
	GlobalSection(SolutionConfigurationPlatforms) = preSolution
		Debug|Win32 = Debug|Win32
		Release|Win32 = Release|Win32
		MinSizeRel|Win32 = MinSizeRel|Win32
		RelWithDebInfo|Win32 = RelWithDebInfo|Win32
	EndGlobalSection
	GlobalSection(ProjectConfigurationPlatforms) = postSolution
		{2DF70BB2-B49A-401E-8BFF-5837C245BA51}.Debug|Win32.ActiveCfg = Debug|Win32
		{2DF70BB2-B49A-401E-8BFF-5837C245BA51}.Debug|Win32.Build.0 = Debug|Win32
		{2DF70BB2-B49A-401E-8BFF-5837C245BA51}.Release|Win32.ActiveCfg = Release|Win32
		{2DF70BB2-B49A-401E-8BFF-5837C245BA51}.Release|Win32.Build.0 = Release|Win32
		{2DF70BB2-B49A-401E-8BFF-5837C245BA51}.MinSizeRel|Win32.ActiveCfg = MinSizeRel|Win32
		{2DF70BB2-B49A-401E-8BFF-5837C245BA51}.MinSizeRel|Win32.Build.0 = MinSizeRel|Win32
		{2DF70BB2-B49A-401E-8BFF-5837C245BA51}.RelWithDebInfo|Win32.ActiveCfg = RelWithDebInfo|Win32
		{2DF70BB2-B49A-401E-8BFF-5837C245BA51}.RelWithDebInfo|Win32.Build.0 = RelWithDebInfo|Win32
		{D077A53D-69A1-4DE3-9C30-A231AE77E671}.Debug|Win32.ActiveCfg = Debug|Win32
		{D077A53D-69A1-4DE3-9C30-A231AE77E671}.Debug|Win32.Build.0 = Debug|Win32
		{D077A53D-69A1-4DE3-9C30-A231AE77E671}.Release|Win32.ActiveCfg = Release|Win32
		{D077A53D-69A1-4DE3-9C30-A231AE77E671}.Release|Win32.Build.0 = Release|Win32
		{D077A53D-69A1-4DE3-9C30-A231AE77E671}.MinSizeRel|Win32.ActiveCfg = MinSizeRel|Win32
		{D077A53D-69A1-4DE3-9C30-A231AE77E671}.MinSizeRel|Win32.Build.0 = MinSizeRel|Win32
		{D077A53D-69A1-4DE3-9C30-A231AE77E671}.RelWithDebInfo|Win32.ActiveCfg = RelWithDebInfo|Win32
		{D077A53D-69A1-4DE3-9C30-A231AE77E671}.RelWithDebInfo|Win32.Build.0 = RelWithDebInfo|Win32
		{9388A781-0A64-4DF1-88B7-E94ABA0CE35F}.Debug|Win32.ActiveCfg = Debug|Win32
		{9388A781-0A64-4DF1-88B7-E94ABA0CE35F}.Release|Win32.ActiveCfg = Release|Win32
		{9388A781-0A64-4DF1-88B7-E94ABA0CE35F}.MinSizeRel|Win32.ActiveCfg = MinSizeRel|Win32
		{9388A781-0A64-4DF1-88B7-E94ABA0CE35F}.RelWithDebInfo|Win32.ActiveCfg = RelWithDebInfo|Win32
		{6FC7FC49-39D8-4769-A697-449B78EFDC9A}.Debug|Win32.ActiveCfg = Debug|Win32
		{6FC7FC49-39D8-4769-A697-449B78EFDC9A}.Debug|Win32.Build.0 = Debug|Win32
		{6FC7FC49-39D8-4769-A697-449B78EFDC9A}.Release|Win32.ActiveCfg = Release|Win32
		{6FC7FC49-39D8-4769-A697-449B78EFDC9A}.Release|Win32.Build.0 = Release|Win32
		{6FC7FC49-39D8-4769-A697-449B78EFDC9A}.MinSizeRel|Win32.ActiveCfg = MinSizeRel|Win32
		{6FC7FC49-39D8-4769-A697-449B78EFDC9A}.MinSizeRel|Win32.Build.0 = MinSizeRel|Win32
		{6FC7FC49-39D8-4769-A697-449B78EFDC9A}.RelWithDebInfo|Win32.ActiveCfg = RelWithDebInfo|Win32
		{6FC7FC49-39D8-4769-A697-449B78EFDC9A}.RelWithDebInfo|Win32.Build.0 = RelWithDebInfo|Win32
		{4A8BFEC2-94ED-495B-8A5B-6DF371136CCE}.Debug|Win32.ActiveCfg = Debug|Win32
		{4A8BFEC2-94ED-495B-8A5B-6DF371136CCE}.Debug|Win32.Build.0 = Debug|Win32
		{4A8BFEC2-94ED-495B-8A5B-6DF371136CCE}.Release|Win32.ActiveCfg = Release|Win32
		{4A8BFEC2-94ED-495B-8A5B-6DF371136CCE}.Release|Win32.Build.0 = Release|Win32
		{4A8BFEC2-94ED-495B-8A5B-6DF371136CCE}.MinSizeRel|Win32.ActiveCfg = MinSizeRel|Win32
		{4A8BFEC2-94ED-495B-8A5B-6DF371136CCE}.MinSizeRel|Win32.Build.0 = MinSizeRel|Win32
		{4A8BFEC2-94ED-495B-8A5B-6DF371136CCE}.RelWithDebInfo|Win32.ActiveCfg = RelWithDebInfo|Win32
		{4A8BFEC2-94ED-495B-8A5B-6DF371136CCE}.RelWithDebInfo|Win32.Build.0 = RelWithDebInfo|Win32
		{7F409338-9FEF-4435-8DA4-16DC52D46570}.Debug|Win32.ActiveCfg = Debug|Win32
		{7F409338-9FEF-4435-8DA4-16DC52D46570}.Debug|Win32.Build.0 = Debug|Win32
		{7F409338-9FEF-4435-8DA4-16DC52D46570}.Release|Win32.ActiveCfg = Release|Win32
		{7F409338-9FEF-4435-8DA4-16DC52D46570}.Release|Win32.Build.0 = Release|Win32
		{7F409338-9FEF-4435-8DA4-16DC52D46570}.MinSizeRel|Win32.ActiveCfg = MinSizeRel|Win32
		{7F409338-9FEF-4435-8DA4-16DC52D46570}.MinSizeRel|Win32.Build.0 = MinSizeRel|Win32
		{7F409338-9FEF-4435-8DA4-16DC52D46570}.RelWithDebInfo|Win32.ActiveCfg = RelWithDebInfo|Win32
		{7F409338-9FEF-4435-8DA4-16DC52D46570}.RelWithDebInfo|Win32.Build.0 = RelWithDebInfo|Win32
		{2CE82AAB-4C0B-461D-9DD6-3F2E1D945934}.Debug|Win32.ActiveCfg = Debug|Win32
		{2CE82AAB-4C0B-461D-9DD6-3F2E1D945934}.Debug|Win32.Build.0 = Debug|Win32
		{2CE82AAB-4C0B-461D-9DD6-3F2E1D945934}.Release|Win32.ActiveCfg = Release|Win32
		{2CE82AAB-4C0B-461D-9DD6-3F2E1D945934}.Release|Win32.Build.0 = Release|Win32
		{2CE82AAB-4C0B-461D-9DD6-3F2E1D945934}.MinSizeRel|Win32.ActiveCfg = MinSizeRel|Win32
		{2CE82AAB-4C0B-461D-9DD6-3F2E1D945934}.MinSizeRel|Win32.Build.0 = MinSizeRel|Win32
		{2CE82AAB-4C0B-461D-9DD6-3F2E1D945934}.RelWithDebInfo|Win32.ActiveCfg = RelWithDebInfo|Win32
		{2CE82AAB-4C0B-461D-9DD6-3F2E1D945934}.RelWithDebInfo|Win32.Build.0 = RelWithDebInfo|Win32
		{0DF39357-3DB5-43A2-8AE5-06715DC80BD2}.Debug|Win32.ActiveCfg = Debug|Win32
		{0DF39357-3DB5-43A2-8AE5-06715DC80BD2}.Debug|Win32.Build.0 = Debug|Win32
		{0DF39357-3DB5-43A2-8AE5-06715DC80BD2}.Release|Win32.ActiveCfg = Release|Win32
		{0DF39357-3DB5-43A2-8AE5-06715DC80BD2}.Release|Win32.Build.0 = Release|Win32
		{0DF39357-3DB5-43A2-8AE5-06715DC80BD2}.MinSizeRel|Win32.ActiveCfg = MinSizeRel|Win32
		{0DF39357-3DB5-43A2-8AE5-06715DC80BD2}.MinSizeRel|Win32.Build.0 = MinSizeRel|Win32
		{0DF39357-3DB5-43A2-8AE5-06715DC80BD2}.RelWithDebInfo|Win32.ActiveCfg = RelWithDebInfo|Win32
		{0DF39357-3DB5-43A2-8AE5-06715DC80BD2}.RelWithDebInfo|Win32.Build.0 = RelWithDebInfo|Win32
		{1E5B2DB9-7821-4C06-B285-4D072B665714}.Debug|Win32.ActiveCfg = Debug|Win32
		{1E5B2DB9-7821-4C06-B285-4D072B665714}.Debug|Win32.Build.0 = Debug|Win32
		{1E5B2DB9-7821-4C06-B285-4D072B665714}.Release|Win32.ActiveCfg = Release|Win32
		{1E5B2DB9-7821-4C06-B285-4D072B665714}.Release|Win32.Build.0 = Release|Win32
		{1E5B2DB9-7821-4C06-B285-4D072B665714}.MinSizeRel|Win32.ActiveCfg = MinSizeRel|Win32
		{1E5B2DB9-7821-4C06-B285-4D072B665714}.MinSizeRel|Win32.Build.0 = MinSizeRel|Win32
		{1E5B2DB9-7821-4C06-B285-4D072B665714}.RelWithDebInfo|Win32.ActiveCfg = RelWithDebInfo|Win32
		{1E5B2DB9-7821-4C06-B285-4D072B665714}.RelWithDebInfo|Win32.Build.0 = RelWithDebInfo|Win32
		{54BC222B-F070-4EC1-8670-076846760179}.Debug|Win32.ActiveCfg = Debug|Win32
		{54BC222B-F070-4EC1-8670-076846760179}.Debug|Win32.Build.0 = Debug|Win32
		{54BC222B-F070-4EC1-8670-076846760179}.Release|Win32.ActiveCfg = Release|Win32
		{54BC222B-F070-4EC1-8670-076846760179}.Release|Win32.Build.0 = Release|Win32
		{54BC222B-F070-4EC1-8670-076846760179}.MinSizeRel|Win32.ActiveCfg = MinSizeRel|Win32
		{54BC222B-F070-4EC1-8670-076846760179}.MinSizeRel|Win32.Build.0 = MinSizeRel|Win32
		{54BC222B-F070-4EC1-8670-076846760179}.RelWithDebInfo|Win32.ActiveCfg = RelWithDebInfo|Win32
		{54BC222B-F070-4EC1-8670-076846760179}.RelWithDebInfo|Win32.Build.0 = RelWithDebInfo|Win32
		{EC0AC1A0-44ED-4E57-97A7-7E231B2B48D5}.Debug|Win32.ActiveCfg = Debug|Win32
		{EC0AC1A0-44ED-4E57-97A7-7E231B2B48D5}.Debug|Win32.Build.0 = Debug|Win32
		{EC0AC1A0-44ED-4E57-97A7-7E231B2B48D5}.Release|Win32.ActiveCfg = Release|Win32
		{EC0AC1A0-44ED-4E57-97A7-7E231B2B48D5}.Release|Win32.Build.0 = Release|Win32
		{EC0AC1A0-44ED-4E57-97A7-7E231B2B48D5}.MinSizeRel|Win32.ActiveCfg = MinSizeRel|Win32
		{EC0AC1A0-44ED-4E57-97A7-7E231B2B48D5}.MinSizeRel|Win32.Build.0 = MinSizeRel|Win32
		{EC0AC1A0-44ED-4E57-97A7-7E231B2B48D5}.RelWithDebInfo|Win32.ActiveCfg = RelWithDebInfo|Win32
		{EC0AC1A0-44ED-4E57-97A7-7E231B2B48D5}.RelWithDebInfo|Win32.Build.0 = RelWithDebInfo|Win32
		{86E36234-C10E-4C1E-9B95-E733C00AB502}.Debug|Win32.ActiveCfg = Debug|Win32
		{86E36234-C10E-4C1E-9B95-E733C00AB502}.Debug|Win32.Build.0 = Debug|Win32
		{86E36234-C10E-4C1E-9B95-E733C00AB502}.Release|Win32.ActiveCfg = Release|Win32
		{86E36234-C10E-4C1E-9B95-E733C00AB502}.Release|Win32.Build.0 = Release|Win32
		{86E36234-C10E-4C1E-9B95-E733C00AB502}.MinSizeRel|Win32.ActiveCfg = MinSizeRel|Win32
		{86E36234-C10E-4C1E-9B95-E733C00AB502}.MinSizeRel|Win32.Build.0 = MinSizeRel|Win32
		{86E36234-C10E-4C1E-9B95-E733C00AB502}.RelWithDebInfo|Win32.ActiveCfg = RelWithDebInfo|Win32
		{86E36234-C10E-4C1E-9B95-E733C00AB502}.RelWithDebInfo|Win32.Build.0 = RelWithDebInfo|Win32
		{6CCA2773-6CC9-40C3-B4B7-FC3D437531F7}.Debug|Win32.ActiveCfg = Debug|Win32
		{6CCA2773-6CC9-40C3-B4B7-FC3D437531F7}.Debug|Win32.Build.0 = Debug|Win32
		{6CCA2773-6CC9-40C3-B4B7-FC3D437531F7}.Release|Win32.ActiveCfg = Release|Win32
		{6CCA2773-6CC9-40C3-B4B7-FC3D437531F7}.Release|Win32.Build.0 = Release|Win32
		{6CCA2773-6CC9-40C3-B4B7-FC3D437531F7}.MinSizeRel|Win32.ActiveCfg = MinSizeRel|Win32
		{6CCA2773-6CC9-40C3-B4B7-FC3D437531F7}.MinSizeRel|Win32.Build.0 = MinSizeRel|Win32
		{6CCA2773-6CC9-40C3-B4B7-FC3D437531F7}.RelWithDebInfo|Win32.ActiveCfg = RelWithDebInfo|Win32
		{6CCA2773-6CC9-40C3-B4B7-FC3D437531F7}.RelWithDebInfo|Win32.Build.0 = RelWithDebInfo|Win32
		{B95A1310-1653-4447-9257-94C5E37965C1}.Debug|Win32.ActiveCfg = Debug|Win32
		{B95A1310-1653-4447-9257-94C5E37965C1}.Release|Win32.ActiveCfg = Release|Win32
		{B95A1310-1653-4447-9257-94C5E37965C1}.MinSizeRel|Win32.ActiveCfg = MinSizeRel|Win32
		{B95A1310-1653-4447-9257-94C5E37965C1}.RelWithDebInfo|Win32.ActiveCfg = RelWithDebInfo|Win32
	EndGlobalSection
	GlobalSection(ExtensibilityGlobals) = postSolution
	EndGlobalSection
	GlobalSection(ExtensibilityAddIns) = postSolution
	EndGlobalSection
EndGlobal
